
Microsoft Visual Studio Solution File, Format Version 12.00
# Visual Studio Version 17
VisualStudioVersion = 17.3.32922.545
MinimumVisualStudioVersion = 10.0.40219.1
Project("{FAE04EC0-301F-11D3-BF4B-00C04F79EFBC}") = "CVSalis", "CVSalis\CVSalis.csproj", "{8D13C5B7-BB85-4FF2-9FDC-45E4F4CD3F00}"
EndProject
Global
	GlobalSection(SolutionConfigurationPlatforms) = preSolution
		Debug|Any CPU = Debug|Any CPU
		Release|Any CPU = Release|Any CPU
	EndGlobalSection
	GlobalSection(ProjectConfigurationPlatforms) = postSolution
		{8D13C5B7-BB85-4FF2-9FDC-45E4F4CD3F00}.Debug|Any CPU.ActiveCfg = Debug|Any CPU
		{8D13C5B7-BB85-4FF2-9FDC-45E4F4CD3F00}.Debug|Any CPU.Build.0 = Debug|Any CPU
		{8D13C5B7-BB85-4FF2-9FDC-45E4F4CD3F00}.Release|Any CPU.ActiveCfg = Release|Any CPU
		{8D13C5B7-BB85-4FF2-9FDC-45E4F4CD3F00}.Release|Any CPU.Build.0 = Release|Any CPU
	EndGlobalSection
	GlobalSection(SolutionProperties) = preSolution
		HideSolutionNode = FALSE
	EndGlobalSection
	GlobalSection(ExtensibilityGlobals) = postSolution
		SolutionGuid = {DC8308B6-9DCA-44D5-838A-26791C254C29}
	EndGlobalSection
EndGlobal
